// !$*UTF8*$!
{
	archiveVersion = 1;
	classes = {
	};
	objectVersion = 46;
	objects = {

/* Begin PBXBuildFile section */
		E4328149138ABC9F0047C5CB /* openFrameworksDebug.a in Frameworks */ = {isa = PBXBuildFile; fileRef = E4328148138ABC890047C5CB /* openFrameworksDebug.a */; };
		E4B69E200A3A1BDC003C02F2 /* main.cpp in Sources */ = {isa = PBXBuildFile; fileRef = E4B69E1D0A3A1BDC003C02F2 /* main.cpp */; };
		E4B69E210A3A1BDC003C02F2 /* ofApp.cpp in Sources */ = {isa = PBXBuildFile; fileRef = E4B69E1E0A3A1BDC003C02F2 /* ofApp.cpp */; };
		FF7E73BC1CE20C2D0065BB10 /* ofxCvColorImage.cpp in Sources */ = {isa = PBXBuildFile; fileRef = FF7E72511CE20C2C0065BB10 /* ofxCvColorImage.cpp */; };
		FF7E73BD1CE20C2D0065BB10 /* ofxCvContourFinder.cpp in Sources */ = {isa = PBXBuildFile; fileRef = FF7E72541CE20C2C0065BB10 /* ofxCvContourFinder.cpp */; };
		FF7E73BE1CE20C2D0065BB10 /* ofxCvFloatImage.cpp in Sources */ = {isa = PBXBuildFile; fileRef = FF7E72561CE20C2C0065BB10 /* ofxCvFloatImage.cpp */; };
		FF7E73BF1CE20C2D0065BB10 /* ofxCvGrayscaleImage.cpp in Sources */ = {isa = PBXBuildFile; fileRef = FF7E72581CE20C2C0065BB10 /* ofxCvGrayscaleImage.cpp */; };
		FF7E73C01CE20C2D0065BB10 /* ofxCvHaarFinder.cpp in Sources */ = {isa = PBXBuildFile; fileRef = FF7E725A1CE20C2C0065BB10 /* ofxCvHaarFinder.cpp */; };
		FF7E73C11CE20C2D0065BB10 /* ofxCvImage.cpp in Sources */ = {isa = PBXBuildFile; fileRef = FF7E725C1CE20C2C0065BB10 /* ofxCvImage.cpp */; };
		FF7E73C21CE20C2D0065BB10 /* ofxCvShortImage.cpp in Sources */ = {isa = PBXBuildFile; fileRef = FF7E725E1CE20C2C0065BB10 /* ofxCvShortImage.cpp */; };
		FF7E73C31CE20C2D0065BB10 /* opencv.a in Frameworks */ = {isa = PBXBuildFile; fileRef = FF7E73661CE20C2C0065BB10 /* opencv.a */; };
		FF7E73CD1CE20C330065BB10 /* ofxXmlSettings.cpp in Sources */ = {isa = PBXBuildFile; fileRef = FF7E73C61CE20C330065BB10 /* ofxXmlSettings.cpp */; };
		FF7E73CE1CE20C330065BB10 /* tinyxml.cpp in Sources */ = {isa = PBXBuildFile; fileRef = FF7E73C91CE20C330065BB10 /* tinyxml.cpp */; };
		FF7E73CF1CE20C330065BB10 /* tinyxmlerror.cpp in Sources */ = {isa = PBXBuildFile; fileRef = FF7E73CB1CE20C330065BB10 /* tinyxmlerror.cpp */; };
		FF7E73D01CE20C330065BB10 /* tinyxmlparser.cpp in Sources */ = {isa = PBXBuildFile; fileRef = FF7E73CC1CE20C330065BB10 /* tinyxmlparser.cpp */; };
		FF8AD3D21CCCDC320007D1F2 /* ofxRayComposer.cpp in Sources */ = {isa = PBXBuildFile; fileRef = FF8AD3CC1CCCDC320007D1F2 /* ofxRayComposer.cpp */; };
		FFCDC1641CB728A500E97F0B /* librcdev.1.4.0.dylib in Frameworks */ = {isa = PBXBuildFile; fileRef = FFCDC1631CB728A500E97F0B /* librcdev.1.4.0.dylib */; };
/* End PBXBuildFile section */

/* Begin PBXContainerItemProxy section */
		E4328147138ABC890047C5CB /* PBXContainerItemProxy */ = {
			isa = PBXContainerItemProxy;
			containerPortal = E4328143138ABC890047C5CB /* openFrameworksLib.xcodeproj */;
			proxyType = 2;
			remoteGlobalIDString = E4B27C1510CBEB8E00536013;
			remoteInfo = openFrameworks;
		};
		E4EEB9AB138B136A00A80321 /* PBXContainerItemProxy */ = {
			isa = PBXContainerItemProxy;
			containerPortal = E4328143138ABC890047C5CB /* openFrameworksLib.xcodeproj */;
			proxyType = 1;
			remoteGlobalIDString = E4B27C1410CBEB8E00536013;
			remoteInfo = openFrameworks;
		};
/* End PBXContainerItemProxy section */

/* Begin PBXCopyFilesBuildPhase section */
		E4C2427710CC5ABF004149E2 /* CopyFiles */ = {
			isa = PBXCopyFilesBuildPhase;
			buildActionMask = 2147483647;
			dstPath = "";
			dstSubfolderSpec = 10;
			files = (
			);
			runOnlyForDeploymentPostprocessing = 0;
		};
/* End PBXCopyFilesBuildPhase section */

/* Begin PBXFileReference section */
		E4328143138ABC890047C5CB /* openFrameworksLib.xcodeproj */ = {isa = PBXFileReference; lastKnownFileType = "wrapper.pb-project"; name = openFrameworksLib.xcodeproj; path = ../../../libs/openFrameworksCompiled/project/osx/openFrameworksLib.xcodeproj; sourceTree = SOURCE_ROOT; };
		E4B69B5B0A3A1756003C02F2 /* exampleDebug.app */ = {isa = PBXFileReference; explicitFileType = wrapper.application; includeInIndex = 0; path = exampleDebug.app; sourceTree = BUILT_PRODUCTS_DIR; };
		E4B69E1D0A3A1BDC003C02F2 /* main.cpp */ = {isa = PBXFileReference; fileEncoding = 30; lastKnownFileType = sourcecode.cpp.cpp; name = main.cpp; path = src/main.cpp; sourceTree = SOURCE_ROOT; };
		E4B69E1E0A3A1BDC003C02F2 /* ofApp.cpp */ = {isa = PBXFileReference; explicitFileType = sourcecode.cpp.cpp; fileEncoding = 30; name = ofApp.cpp; path = src/ofApp.cpp; sourceTree = SOURCE_ROOT; };
		E4B69E1F0A3A1BDC003C02F2 /* ofApp.h */ = {isa = PBXFileReference; fileEncoding = 30; lastKnownFileType = sourcecode.c.h; name = ofApp.h; path = src/ofApp.h; sourceTree = SOURCE_ROOT; };
		E4B6FCAD0C3E899E008CF71C /* openFrameworks-Info.plist */ = {isa = PBXFileReference; fileEncoding = 30; lastKnownFileType = text.plist.xml; path = "openFrameworks-Info.plist"; sourceTree = "<group>"; };
		E4EB691F138AFCF100A09F29 /* CoreOF.xcconfig */ = {isa = PBXFileReference; fileEncoding = 4; lastKnownFileType = text.xcconfig; name = CoreOF.xcconfig; path = ../../../libs/openFrameworksCompiled/project/osx/CoreOF.xcconfig; sourceTree = SOURCE_ROOT; };
		E4EB6923138AFD0F00A09F29 /* Project.xcconfig */ = {isa = PBXFileReference; fileEncoding = 4; lastKnownFileType = text.xcconfig; path = Project.xcconfig; sourceTree = "<group>"; };
		FF7E72501CE20C2C0065BB10 /* ofxCvBlob.h */ = {isa = PBXFileReference; lastKnownFileType = sourcecode.c.h; path = ofxCvBlob.h; sourceTree = "<group>"; };
		FF7E72511CE20C2C0065BB10 /* ofxCvColorImage.cpp */ = {isa = PBXFileReference; lastKnownFileType = sourcecode.cpp.cpp; path = ofxCvColorImage.cpp; sourceTree = "<group>"; };
		FF7E72521CE20C2C0065BB10 /* ofxCvColorImage.h */ = {isa = PBXFileReference; lastKnownFileType = sourcecode.c.h; path = ofxCvColorImage.h; sourceTree = "<group>"; };
		FF7E72531CE20C2C0065BB10 /* ofxCvConstants.h */ = {isa = PBXFileReference; lastKnownFileType = sourcecode.c.h; path = ofxCvConstants.h; sourceTree = "<group>"; };
		FF7E72541CE20C2C0065BB10 /* ofxCvContourFinder.cpp */ = {isa = PBXFileReference; lastKnownFileType = sourcecode.cpp.cpp; path = ofxCvContourFinder.cpp; sourceTree = "<group>"; };
		FF7E72551CE20C2C0065BB10 /* ofxCvContourFinder.h */ = {isa = PBXFileReference; lastKnownFileType = sourcecode.c.h; path = ofxCvContourFinder.h; sourceTree = "<group>"; };
		FF7E72561CE20C2C0065BB10 /* ofxCvFloatImage.cpp */ = {isa = PBXFileReference; lastKnownFileType = sourcecode.cpp.cpp; path = ofxCvFloatImage.cpp; sourceTree = "<group>"; };
		FF7E72571CE20C2C0065BB10 /* ofxCvFloatImage.h */ = {isa = PBXFileReference; lastKnownFileType = sourcecode.c.h; path = ofxCvFloatImage.h; sourceTree = "<group>"; };
		FF7E72581CE20C2C0065BB10 /* ofxCvGrayscaleImage.cpp */ = {isa = PBXFileReference; lastKnownFileType = sourcecode.cpp.cpp; path = ofxCvGrayscaleImage.cpp; sourceTree = "<group>"; };
		FF7E72591CE20C2C0065BB10 /* ofxCvGrayscaleImage.h */ = {isa = PBXFileReference; lastKnownFileType = sourcecode.c.h; path = ofxCvGrayscaleImage.h; sourceTree = "<group>"; };
		FF7E725A1CE20C2C0065BB10 /* ofxCvHaarFinder.cpp */ = {isa = PBXFileReference; lastKnownFileType = sourcecode.cpp.cpp; path = ofxCvHaarFinder.cpp; sourceTree = "<group>"; };
		FF7E725B1CE20C2C0065BB10 /* ofxCvHaarFinder.h */ = {isa = PBXFileReference; lastKnownFileType = sourcecode.c.h; path = ofxCvHaarFinder.h; sourceTree = "<group>"; };
		FF7E725C1CE20C2C0065BB10 /* ofxCvImage.cpp */ = {isa = PBXFileReference; lastKnownFileType = sourcecode.cpp.cpp; path = ofxCvImage.cpp; sourceTree = "<group>"; };
		FF7E725D1CE20C2C0065BB10 /* ofxCvImage.h */ = {isa = PBXFileReference; lastKnownFileType = sourcecode.c.h; path = ofxCvImage.h; sourceTree = "<group>"; };
		FF7E725E1CE20C2C0065BB10 /* ofxCvShortImage.cpp */ = {isa = PBXFileReference; lastKnownFileType = sourcecode.cpp.cpp; path = ofxCvShortImage.cpp; sourceTree = "<group>"; };
		FF7E725F1CE20C2C0065BB10 /* ofxCvShortImage.h */ = {isa = PBXFileReference; lastKnownFileType = sourcecode.c.h; path = ofxCvShortImage.h; sourceTree = "<group>"; };
		FF7E72601CE20C2C0065BB10 /* ofxOpenCv.h */ = {isa = PBXFileReference; lastKnownFileType = sourcecode.c.h; path = ofxOpenCv.h; sourceTree = "<group>"; };
		FF7E72651CE20C2C0065BB10 /* cv.h */ = {isa = PBXFileReference; lastKnownFileType = sourcecode.c.h; path = cv.h; sourceTree = "<group>"; };
		FF7E72661CE20C2C0065BB10 /* cv.hpp */ = {isa = PBXFileReference; lastKnownFileType = sourcecode.cpp.h; path = cv.hpp; sourceTree = "<group>"; };
		FF7E72671CE20C2C0065BB10 /* cvaux.h */ = {isa = PBXFileReference; lastKnownFileType = sourcecode.c.h; path = cvaux.h; sourceTree = "<group>"; };
		FF7E72681CE20C2C0065BB10 /* cvaux.hpp */ = {isa = PBXFileReference; lastKnownFileType = sourcecode.cpp.h; path = cvaux.hpp; sourceTree = "<group>"; };
		FF7E72691CE20C2C0065BB10 /* cvwimage.h */ = {isa = PBXFileReference; lastKnownFileType = sourcecode.c.h; path = cvwimage.h; sourceTree = "<group>"; };
		FF7E726A1CE20C2C0065BB10 /* cxcore.h */ = {isa = PBXFileReference; lastKnownFileType = sourcecode.c.h; path = cxcore.h; sourceTree = "<group>"; };
		FF7E726B1CE20C2C0065BB10 /* cxcore.hpp */ = {isa = PBXFileReference; lastKnownFileType = sourcecode.cpp.h; path = cxcore.hpp; sourceTree = "<group>"; };
		FF7E726C1CE20C2C0065BB10 /* cxeigen.hpp */ = {isa = PBXFileReference; lastKnownFileType = sourcecode.cpp.h; path = cxeigen.hpp; sourceTree = "<group>"; };
		FF7E726D1CE20C2C0065BB10 /* cxmisc.h */ = {isa = PBXFileReference; lastKnownFileType = sourcecode.c.h; path = cxmisc.h; sourceTree = "<group>"; };
		FF7E726E1CE20C2C0065BB10 /* highgui.h */ = {isa = PBXFileReference; lastKnownFileType = sourcecode.c.h; path = highgui.h; sourceTree = "<group>"; };
		FF7E726F1CE20C2C0065BB10 /* ml.h */ = {isa = PBXFileReference; lastKnownFileType = sourcecode.c.h; path = ml.h; sourceTree = "<group>"; };
		FF7E72721CE20C2C0065BB10 /* calib3d.hpp */ = {isa = PBXFileReference; lastKnownFileType = sourcecode.cpp.h; path = calib3d.hpp; sourceTree = "<group>"; };
		FF7E72741CE20C2C0065BB10 /* contrib.hpp */ = {isa = PBXFileReference; lastKnownFileType = sourcecode.cpp.h; path = contrib.hpp; sourceTree = "<group>"; };
		FF7E72751CE20C2C0065BB10 /* detection_based_tracker.hpp */ = {isa = PBXFileReference; lastKnownFileType = sourcecode.cpp.h; path = detection_based_tracker.hpp; sourceTree = "<group>"; };
		FF7E72761CE20C2C0065BB10 /* hybridtracker.hpp */ = {isa = PBXFileReference; lastKnownFileType = sourcecode.cpp.h; path = hybridtracker.hpp; sourceTree = "<group>"; };
		FF7E72771CE20C2C0065BB10 /* openfabmap.hpp */ = {isa = PBXFileReference; lastKnownFileType = sourcecode.cpp.h; path = openfabmap.hpp; sourceTree = "<group>"; };
		FF7E72781CE20C2C0065BB10 /* retina.hpp */ = {isa = PBXFileReference; lastKnownFileType = sourcecode.cpp.h; path = retina.hpp; sourceTree = "<group>"; };
		FF7E727A1CE20C2C0065BB10 /* affine.hpp */ = {isa = PBXFileReference; lastKnownFileType = sourcecode.cpp.h; path = affine.hpp; sourceTree = "<group>"; };
		FF7E727B1CE20C2C0065BB10 /* core.hpp */ = {isa = PBXFileReference; lastKnownFileType = sourcecode.cpp.h; path = core.hpp; sourceTree = "<group>"; };
		FF7E727C1CE20C2C0065BB10 /* core_c.h */ = {isa = PBXFileReference; lastKnownFileType = sourcecode.c.h; path = core_c.h; sourceTree = "<group>"; };
		FF7E727D1CE20C2C0065BB10 /* cuda_devptrs.hpp */ = {isa = PBXFileReference; lastKnownFileType = sourcecode.cpp.h; path = cuda_devptrs.hpp; sourceTree = "<group>"; };
		FF7E727E1CE20C2C0065BB10 /* devmem2d.hpp */ = {isa = PBXFileReference; lastKnownFileType = sourcecode.cpp.h; path = devmem2d.hpp; sourceTree = "<group>"; };
		FF7E727F1CE20C2C0065BB10 /* eigen.hpp */ = {isa = PBXFileReference; lastKnownFileType = sourcecode.cpp.h; path = eigen.hpp; sourceTree = "<group>"; };
		FF7E72801CE20C2C0065BB10 /* gpumat.hpp */ = {isa = PBXFileReference; lastKnownFileType = sourcecode.cpp.h; path = gpumat.hpp; sourceTree = "<group>"; };
		FF7E72811CE20C2C0065BB10 /* internal.hpp */ = {isa = PBXFileReference; lastKnownFileType = sourcecode.cpp.h; path = internal.hpp; sourceTree = "<group>"; };
		FF7E72821CE20C2C0065BB10 /* mat.hpp */ = {isa = PBXFileReference; lastKnownFileType = sourcecode.cpp.h; path = mat.hpp; sourceTree = "<group>"; };
		FF7E72831CE20C2C0065BB10 /* opengl_interop.hpp */ = {isa = PBXFileReference; lastKnownFileType = sourcecode.cpp.h; path = opengl_interop.hpp; sourceTree = "<group>"; };
		FF7E72841CE20C2C0065BB10 /* opengl_interop_deprecated.hpp */ = {isa = PBXFileReference; lastKnownFileType = sourcecode.cpp.h; path = opengl_interop_deprecated.hpp; sourceTree = "<group>"; };
		FF7E72851CE20C2C0065BB10 /* operations.hpp */ = {isa = PBXFileReference; lastKnownFileType = sourcecode.cpp.h; path = operations.hpp; sourceTree = "<group>"; };
		FF7E72861CE20C2C0065BB10 /* types_c.h */ = {isa = PBXFileReference; lastKnownFileType = sourcecode.c.h; path = types_c.h; sourceTree = "<group>"; };
		FF7E72871CE20C2C0065BB10 /* version.hpp */ = {isa = PBXFileReference; lastKnownFileType = sourcecode.cpp.h; path = version.hpp; sourceTree = "<group>"; };
		FF7E72881CE20C2C0065BB10 /* wimage.hpp */ = {isa = PBXFileReference; lastKnownFileType = sourcecode.cpp.h; path = wimage.hpp; sourceTree = "<group>"; };
		FF7E728A1CE20C2C0065BB10 /* features2d.hpp */ = {isa = PBXFileReference; lastKnownFileType = sourcecode.cpp.h; path = features2d.hpp; sourceTree = "<group>"; };
		FF7E728C1CE20C2C0065BB10 /* all_indices.h */ = {isa = PBXFileReference; lastKnownFileType = sourcecode.c.h; path = all_indices.h; sourceTree = "<group>"; };
		FF7E728D1CE20C2C0065BB10 /* allocator.h */ = {isa = PBXFileReference; lastKnownFileType = sourcecode.c.h; path = allocator.h; sourceTree = "<group>"; };
		FF7E728E1CE20C2C0065BB10 /* any.h */ = {isa = PBXFileReference; lastKnownFileType = sourcecode.c.h; path = any.h; sourceTree = "<group>"; };
		FF7E728F1CE20C2C0065BB10 /* autotuned_index.h */ = {isa = PBXFileReference; lastKnownFileType = sourcecode.c.h; path = autotuned_index.h; sourceTree = "<group>"; };
		FF7E72901CE20C2C0065BB10 /* composite_index.h */ = {isa = PBXFileReference; lastKnownFileType = sourcecode.c.h; path = composite_index.h; sourceTree = "<group>"; };
		FF7E72911CE20C2C0065BB10 /* config.h */ = {isa = PBXFileReference; lastKnownFileType = sourcecode.c.h; path = config.h; sourceTree = "<group>"; };
		FF7E72921CE20C2C0065BB10 /* defines.h */ = {isa = PBXFileReference; lastKnownFileType = sourcecode.c.h; path = defines.h; sourceTree = "<group>"; };
		FF7E72931CE20C2C0065BB10 /* dist.h */ = {isa = PBXFileReference; lastKnownFileType = sourcecode.c.h; path = dist.h; sourceTree = "<group>"; };
		FF7E72941CE20C2C0065BB10 /* dummy.h */ = {isa = PBXFileReference; lastKnownFileType = sourcecode.c.h; path = dummy.h; sourceTree = "<group>"; };
		FF7E72951CE20C2C0065BB10 /* dynamic_bitset.h */ = {isa = PBXFileReference; lastKnownFileType = sourcecode.c.h; path = dynamic_bitset.h; sourceTree = "<group>"; };
		FF7E72961CE20C2C0065BB10 /* flann.hpp */ = {isa = PBXFileReference; lastKnownFileType = sourcecode.cpp.h; path = flann.hpp; sourceTree = "<group>"; };
		FF7E72971CE20C2C0065BB10 /* flann_base.hpp */ = {isa = PBXFileReference; lastKnownFileType = sourcecode.cpp.h; path = flann_base.hpp; sourceTree = "<group>"; };
		FF7E72981CE20C2C0065BB10 /* general.h */ = {isa = PBXFileReference; lastKnownFileType = sourcecode.c.h; path = general.h; sourceTree = "<group>"; };
		FF7E72991CE20C2C0065BB10 /* ground_truth.h */ = {isa = PBXFileReference; lastKnownFileType = sourcecode.c.h; path = ground_truth.h; sourceTree = "<group>"; };
		FF7E729A1CE20C2C0065BB10 /* hdf5.h */ = {isa = PBXFileReference; lastKnownFileType = sourcecode.c.h; path = hdf5.h; sourceTree = "<group>"; };
		FF7E729B1CE20C2C0065BB10 /* heap.h */ = {isa = PBXFileReference; lastKnownFileType = sourcecode.c.h; path = heap.h; sourceTree = "<group>"; };
		FF7E729C1CE20C2C0065BB10 /* hierarchical_clustering_index.h */ = {isa = PBXFileReference; lastKnownFileType = sourcecode.c.h; path = hierarchical_clustering_index.h; sourceTree = "<group>"; };
		FF7E729D1CE20C2C0065BB10 /* index_testing.h */ = {isa = PBXFileReference; lastKnownFileType = sourcecode.c.h; path = index_testing.h; sourceTree = "<group>"; };
		FF7E729E1CE20C2C0065BB10 /* kdtree_index.h */ = {isa = PBXFileReference; lastKnownFileType = sourcecode.c.h; path = kdtree_index.h; sourceTree = "<group>"; };
		FF7E729F1CE20C2C0065BB10 /* kdtree_single_index.h */ = {isa = PBXFileReference; lastKnownFileType = sourcecode.c.h; path = kdtree_single_index.h; sourceTree = "<group>"; };
		FF7E72A01CE20C2C0065BB10 /* kmeans_index.h */ = {isa = PBXFileReference; lastKnownFileType = sourcecode.c.h; path = kmeans_index.h; sourceTree = "<group>"; };
		FF7E72A11CE20C2C0065BB10 /* linear_index.h */ = {isa = PBXFileReference; lastKnownFileType = sourcecode.c.h; path = linear_index.h; sourceTree = "<group>"; };
		FF7E72A21CE20C2C0065BB10 /* logger.h */ = {isa = PBXFileReference; lastKnownFileType = sourcecode.c.h; path = logger.h; sourceTree = "<group>"; };
		FF7E72A31CE20C2C0065BB10 /* lsh_index.h */ = {isa = PBXFileReference; lastKnownFileType = sourcecode.c.h; path = lsh_index.h; sourceTree = "<group>"; };
		FF7E72A41CE20C2C0065BB10 /* lsh_table.h */ = {isa = PBXFileReference; lastKnownFileType = sourcecode.c.h; path = lsh_table.h; sourceTree = "<group>"; };
		FF7E72A51CE20C2C0065BB10 /* matrix.h */ = {isa = PBXFileReference; lastKnownFileType = sourcecode.c.h; path = matrix.h; sourceTree = "<group>"; };
		FF7E72A61CE20C2C0065BB10 /* miniflann.hpp */ = {isa = PBXFileReference; lastKnownFileType = sourcecode.cpp.h; path = miniflann.hpp; sourceTree = "<group>"; };
		FF7E72A71CE20C2C0065BB10 /* nn_index.h */ = {isa = PBXFileReference; lastKnownFileType = sourcecode.c.h; path = nn_index.h; sourceTree = "<group>"; };
		FF7E72A81CE20C2C0065BB10 /* object_factory.h */ = {isa = PBXFileReference; lastKnownFileType = sourcecode.c.h; path = object_factory.h; sourceTree = "<group>"; };
		FF7E72A91CE20C2C0065BB10 /* params.h */ = {isa = PBXFileReference; lastKnownFileType = sourcecode.c.h; path = params.h; sourceTree = "<group>"; };
		FF7E72AA1CE20C2C0065BB10 /* random.h */ = {isa = PBXFileReference; lastKnownFileType = sourcecode.c.h; path = random.h; sourceTree = "<group>"; };
		FF7E72AB1CE20C2C0065BB10 /* result_set.h */ = {isa = PBXFileReference; lastKnownFileType = sourcecode.c.h; path = result_set.h; sourceTree = "<group>"; };
		FF7E72AC1CE20C2C0065BB10 /* sampling.h */ = {isa = PBXFileReference; lastKnownFileType = sourcecode.c.h; path = sampling.h; sourceTree = "<group>"; };
		FF7E72AD1CE20C2C0065BB10 /* saving.h */ = {isa = PBXFileReference; lastKnownFileType = sourcecode.c.h; path = saving.h; sourceTree = "<group>"; };
		FF7E72AE1CE20C2C0065BB10 /* simplex_downhill.h */ = {isa = PBXFileReference; lastKnownFileType = sourcecode.c.h; path = simplex_downhill.h; sourceTree = "<group>"; };
		FF7E72AF1CE20C2C0065BB10 /* timer.h */ = {isa = PBXFileReference; lastKnownFileType = sourcecode.c.h; path = timer.h; sourceTree = "<group>"; };
		FF7E72B21CE20C2C0065BB10 /* block.hpp */ = {isa = PBXFileReference; lastKnownFileType = sourcecode.cpp.h; path = block.hpp; sourceTree = "<group>"; };
		FF7E72B31CE20C2C0065BB10 /* border_interpolate.hpp */ = {isa = PBXFileReference; lastKnownFileType = sourcecode.cpp.h; path = border_interpolate.hpp; sourceTree = "<group>"; };
		FF7E72B41CE20C2C0065BB10 /* color.hpp */ = {isa = PBXFileReference; lastKnownFileType = sourcecode.cpp.h; path = color.hpp; sourceTree = "<group>"; };
		FF7E72B51CE20C2C0065BB10 /* common.hpp */ = {isa = PBXFileReference; lastKnownFileType = sourcecode.cpp.h; path = common.hpp; sourceTree = "<group>"; };
		FF7E72B61CE20C2C0065BB10 /* datamov_utils.hpp */ = {isa = PBXFileReference; lastKnownFileType = sourcecode.cpp.h; path = datamov_utils.hpp; sourceTree = "<group>"; };
		FF7E72B81CE20C2C0065BB10 /* color_detail.hpp */ = {isa = PBXFileReference; lastKnownFileType = sourcecode.cpp.h; path = color_detail.hpp; sourceTree = "<group>"; };
		FF7E72B91CE20C2C0065BB10 /* reduce.hpp */ = {isa = PBXFileReference; lastKnownFileType = sourcecode.cpp.h; path = reduce.hpp; sourceTree = "<group>"; };
		FF7E72BA1CE20C2C0065BB10 /* reduce_key_val.hpp */ = {isa = PBXFileReference; lastKnownFileType = sourcecode.cpp.h; path = reduce_key_val.hpp; sourceTree = "<group>"; };
		FF7E72BB1CE20C2C0065BB10 /* transform_detail.hpp */ = {isa = PBXFileReference; lastKnownFileType = sourcecode.cpp.h; path = transform_detail.hpp; sourceTree = "<group>"; };
		FF7E72BC1CE20C2C0065BB10 /* type_traits_detail.hpp */ = {isa = PBXFileReference; lastKnownFileType = sourcecode.cpp.h; path = type_traits_detail.hpp; sourceTree = "<group>"; };
		FF7E72BD1CE20C2C0065BB10 /* vec_distance_detail.hpp */ = {isa = PBXFileReference; lastKnownFileType = sourcecode.cpp.h; path = vec_distance_detail.hpp; sourceTree = "<group>"; };
		FF7E72BE1CE20C2C0065BB10 /* dynamic_smem.hpp */ = {isa = PBXFileReference; lastKnownFileType = sourcecode.cpp.h; path = dynamic_smem.hpp; sourceTree = "<group>"; };
		FF7E72BF1CE20C2C0065BB10 /* emulation.hpp */ = {isa = PBXFileReference; lastKnownFileType = sourcecode.cpp.h; path = emulation.hpp; sourceTree = "<group>"; };
		FF7E72C01CE20C2C0065BB10 /* filters.hpp */ = {isa = PBXFileReference; lastKnownFileType = sourcecode.cpp.h; path = filters.hpp; sourceTree = "<group>"; };
		FF7E72C11CE20C2C0065BB10 /* funcattrib.hpp */ = {isa = PBXFileReference; lastKnownFileType = sourcecode.cpp.h; path = funcattrib.hpp; sourceTree = "<group>"; };
		FF7E72C21CE20C2C0065BB10 /* functional.hpp */ = {isa = PBXFileReference; lastKnownFileType = sourcecode.cpp.h; path = functional.hpp; sourceTree = "<group>"; };
		FF7E72C31CE20C2C0065BB10 /* limits.hpp */ = {isa = PBXFileReference; lastKnownFileType = sourcecode.cpp.h; path = limits.hpp; sourceTree = "<group>"; };
		FF7E72C41CE20C2C0065BB10 /* reduce.hpp */ = {isa = PBXFileReference; lastKnownFileType = sourcecode.cpp.h; path = reduce.hpp; sourceTree = "<group>"; };
		FF7E72C51CE20C2C0065BB10 /* saturate_cast.hpp */ = {isa = PBXFileReference; lastKnownFileType = sourcecode.cpp.h; path = saturate_cast.hpp; sourceTree = "<group>"; };
		FF7E72C61CE20C2C0065BB10 /* scan.hpp */ = {isa = PBXFileReference; lastKnownFileType = sourcecode.cpp.h; path = scan.hpp; sourceTree = "<group>"; };
		FF7E72C71CE20C2C0065BB10 /* simd_functions.hpp */ = {isa = PBXFileReference; lastKnownFileType = sourcecode.cpp.h; path = simd_functions.hpp; sourceTree = "<group>"; };
		FF7E72C81CE20C2C0065BB10 /* static_check.hpp */ = {isa = PBXFileReference; lastKnownFileType = sourcecode.cpp.h; path = static_check.hpp; sourceTree = "<group>"; };
		FF7E72C91CE20C2C0065BB10 /* transform.hpp */ = {isa = PBXFileReference; lastKnownFileType = sourcecode.cpp.h; path = transform.hpp; sourceTree = "<group>"; };
		FF7E72CA1CE20C2C0065BB10 /* type_traits.hpp */ = {isa = PBXFileReference; lastKnownFileType = sourcecode.cpp.h; path = type_traits.hpp; sourceTree = "<group>"; };
		FF7E72CB1CE20C2C0065BB10 /* utility.hpp */ = {isa = PBXFileReference; lastKnownFileType = sourcecode.cpp.h; path = utility.hpp; sourceTree = "<group>"; };
		FF7E72CC1CE20C2C0065BB10 /* vec_distance.hpp */ = {isa = PBXFileReference; lastKnownFileType = sourcecode.cpp.h; path = vec_distance.hpp; sourceTree = "<group>"; };
		FF7E72CD1CE20C2C0065BB10 /* vec_math.hpp */ = {isa = PBXFileReference; lastKnownFileType = sourcecode.cpp.h; path = vec_math.hpp; sourceTree = "<group>"; };
		FF7E72CE1CE20C2C0065BB10 /* vec_traits.hpp */ = {isa = PBXFileReference; lastKnownFileType = sourcecode.cpp.h; path = vec_traits.hpp; sourceTree = "<group>"; };
		FF7E72CF1CE20C2C0065BB10 /* warp.hpp */ = {isa = PBXFileReference; lastKnownFileType = sourcecode.cpp.h; path = warp.hpp; sourceTree = "<group>"; };
		FF7E72D01CE20C2C0065BB10 /* warp_reduce.hpp */ = {isa = PBXFileReference; lastKnownFileType = sourcecode.cpp.h; path = warp_reduce.hpp; sourceTree = "<group>"; };
		FF7E72D11CE20C2C0065BB10 /* warp_shuffle.hpp */ = {isa = PBXFileReference; lastKnownFileType = sourcecode.cpp.h; path = warp_shuffle.hpp; sourceTree = "<group>"; };
		FF7E72D21CE20C2C0065BB10 /* devmem2d.hpp */ = {isa = PBXFileReference; lastKnownFileType = sourcecode.cpp.h; path = devmem2d.hpp; sourceTree = "<group>"; };
		FF7E72D31CE20C2C0065BB10 /* gpu.hpp */ = {isa = PBXFileReference; lastKnownFileType = sourcecode.cpp.h; path = gpu.hpp; sourceTree = "<group>"; };
		FF7E72D41CE20C2C0065BB10 /* gpumat.hpp */ = {isa = PBXFileReference; lastKnownFileType = sourcecode.cpp.h; path = gpumat.hpp; sourceTree = "<group>"; };
		FF7E72D51CE20C2C0065BB10 /* stream_accessor.hpp */ = {isa = PBXFileReference; lastKnownFileType = sourcecode.cpp.h; path = stream_accessor.hpp; sourceTree = "<group>"; };
		FF7E72D71CE20C2C0065BB10 /* cap_ios.h */ = {isa = PBXFileReference; lastKnownFileType = sourcecode.c.h; path = cap_ios.h; sourceTree = "<group>"; };
		FF7E72D81CE20C2C0065BB10 /* highgui.hpp */ = {isa = PBXFileReference; lastKnownFileType = sourcecode.cpp.h; path = highgui.hpp; sourceTree = "<group>"; };
		FF7E72D91CE20C2C0065BB10 /* highgui_c.h */ = {isa = PBXFileReference; lastKnownFileType = sourcecode.c.h; path = highgui_c.h; sourceTree = "<group>"; };
		FF7E72DA1CE20C2C0065BB10 /* ios.h */ = {isa = PBXFileReference; lastKnownFileType = sourcecode.c.h; path = ios.h; sourceTree = "<group>"; };
		FF7E72DC1CE20C2C0065BB10 /* imgproc.hpp */ = {isa = PBXFileReference; lastKnownFileType = sourcecode.cpp.h; path = imgproc.hpp; sourceTree = "<group>"; };
		FF7E72DD1CE20C2C0065BB10 /* imgproc_c.h */ = {isa = PBXFileReference; lastKnownFileType = sourcecode.c.h; path = imgproc_c.h; sourceTree = "<group>"; };
		FF7E72DE1CE20C2C0065BB10 /* types_c.h */ = {isa = PBXFileReference; lastKnownFileType = sourcecode.c.h; path = types_c.h; sourceTree = "<group>"; };
		FF7E72E01CE20C2C0065BB10 /* blobtrack.hpp */ = {isa = PBXFileReference; lastKnownFileType = sourcecode.cpp.h; path = blobtrack.hpp; sourceTree = "<group>"; };
		FF7E72E11CE20C2C0065BB10 /* compat.hpp */ = {isa = PBXFileReference; lastKnownFileType = sourcecode.cpp.h; path = compat.hpp; sourceTree = "<group>"; };
		FF7E72E21CE20C2C0065BB10 /* legacy.hpp */ = {isa = PBXFileReference; lastKnownFileType = sourcecode.cpp.h; path = legacy.hpp; sourceTree = "<group>"; };
		FF7E72E31CE20C2C0065BB10 /* streams.hpp */ = {isa = PBXFileReference; lastKnownFileType = sourcecode.cpp.h; path = streams.hpp; sourceTree = "<group>"; };
		FF7E72E51CE20C2C0065BB10 /* ml.hpp */ = {isa = PBXFileReference; lastKnownFileType = sourcecode.cpp.h; path = ml.hpp; sourceTree = "<group>"; };
		FF7E72E71CE20C2C0065BB10 /* features2d.hpp */ = {isa = PBXFileReference; lastKnownFileType = sourcecode.cpp.h; path = features2d.hpp; sourceTree = "<group>"; };
		FF7E72E81CE20C2C0065BB10 /* gpu.hpp */ = {isa = PBXFileReference; lastKnownFileType = sourcecode.cpp.h; path = gpu.hpp; sourceTree = "<group>"; };
		FF7E72E91CE20C2C0065BB10 /* nonfree.hpp */ = {isa = PBXFileReference; lastKnownFileType = sourcecode.cpp.h; path = nonfree.hpp; sourceTree = "<group>"; };
		FF7E72EA1CE20C2C0065BB10 /* ocl.hpp */ = {isa = PBXFileReference; lastKnownFileType = sourcecode.cpp.h; path = ocl.hpp; sourceTree = "<group>"; };
		FF7E72EC1CE20C2C0065BB10 /* objdetect.hpp */ = {isa = PBXFileReference; lastKnownFileType = sourcecode.cpp.h; path = objdetect.hpp; sourceTree = "<group>"; };
		FF7E72ED1CE20C2C0065BB10 /* opencv.hpp */ = {isa = PBXFileReference; lastKnownFileType = sourcecode.cpp.h; path = opencv.hpp; sourceTree = "<group>"; };
		FF7E72EE1CE20C2C0065BB10 /* opencv_modules.hpp */ = {isa = PBXFileReference; lastKnownFileType = sourcecode.cpp.h; path = opencv_modules.hpp; sourceTree = "<group>"; };
		FF7E72F01CE20C2C0065BB10 /* photo.hpp */ = {isa = PBXFileReference; lastKnownFileType = sourcecode.cpp.h; path = photo.hpp; sourceTree = "<group>"; };
		FF7E72F11CE20C2C0065BB10 /* photo_c.h */ = {isa = PBXFileReference; lastKnownFileType = sourcecode.c.h; path = photo_c.h; sourceTree = "<group>"; };
		FF7E72F41CE20C2C0065BB10 /* autocalib.hpp */ = {isa = PBXFileReference; lastKnownFileType = sourcecode.cpp.h; path = autocalib.hpp; sourceTree = "<group>"; };
		FF7E72F51CE20C2C0065BB10 /* blenders.hpp */ = {isa = PBXFileReference; lastKnownFileType = sourcecode.cpp.h; path = blenders.hpp; sourceTree = "<group>"; };
		FF7E72F61CE20C2C0065BB10 /* camera.hpp */ = {isa = PBXFileReference; lastKnownFileType = sourcecode.cpp.h; path = camera.hpp; sourceTree = "<group>"; };
		FF7E72F71CE20C2C0065BB10 /* exposure_compensate.hpp */ = {isa = PBXFileReference; lastKnownFileType = sourcecode.cpp.h; path = exposure_compensate.hpp; sourceTree = "<group>"; };
		FF7E72F81CE20C2C0065BB10 /* matchers.hpp */ = {isa = PBXFileReference; lastKnownFileType = sourcecode.cpp.h; path = matchers.hpp; sourceTree = "<group>"; };
		FF7E72F91CE20C2C0065BB10 /* motion_estimators.hpp */ = {isa = PBXFileReference; lastKnownFileType = sourcecode.cpp.h; path = motion_estimators.hpp; sourceTree = "<group>"; };
		FF7E72FA1CE20C2C0065BB10 /* seam_finders.hpp */ = {isa = PBXFileReference; lastKnownFileType = sourcecode.cpp.h; path = seam_finders.hpp; sourceTree = "<group>"; };
		FF7E72FB1CE20C2C0065BB10 /* util.hpp */ = {isa = PBXFileReference; lastKnownFileType = sourcecode.cpp.h; path = util.hpp; sourceTree = "<group>"; };
		FF7E72FC1CE20C2C0065BB10 /* util_inl.hpp */ = {isa = PBXFileReference; lastKnownFileType = sourcecode.cpp.h; path = util_inl.hpp; sourceTree = "<group>"; };
		FF7E72FD1CE20C2C0065BB10 /* warpers.hpp */ = {isa = PBXFileReference; lastKnownFileType = sourcecode.cpp.h; path = warpers.hpp; sourceTree = "<group>"; };
		FF7E72FE1CE20C2C0065BB10 /* warpers_inl.hpp */ = {isa = PBXFileReference; lastKnownFileType = sourcecode.cpp.h; path = warpers_inl.hpp; sourceTree = "<group>"; };
		FF7E72FF1CE20C2C0065BB10 /* stitcher.hpp */ = {isa = PBXFileReference; lastKnownFileType = sourcecode.cpp.h; path = stitcher.hpp; sourceTree = "<group>"; };
		FF7E73001CE20C2C0065BB10 /* warpers.hpp */ = {isa = PBXFileReference; lastKnownFileType = sourcecode.cpp.h; path = warpers.hpp; sourceTree = "<group>"; };
		FF7E73021CE20C2C0065BB10 /* optical_flow.hpp */ = {isa = PBXFileReference; lastKnownFileType = sourcecode.cpp.h; path = optical_flow.hpp; sourceTree = "<group>"; };
		FF7E73031CE20C2C0065BB10 /* superres.hpp */ = {isa = PBXFileReference; lastKnownFileType = sourcecode.cpp.h; path = superres.hpp; sourceTree = "<group>"; };
		FF7E73051CE20C2C0065BB10 /* gpu_perf.hpp */ = {isa = PBXFileReference; lastKnownFileType = sourcecode.cpp.h; path = gpu_perf.hpp; sourceTree = "<group>"; };
		FF7E73061CE20C2C0065BB10 /* gpu_test.hpp */ = {isa = PBXFileReference; lastKnownFileType = sourcecode.cpp.h; path = gpu_test.hpp; sourceTree = "<group>"; };
		FF7E73071CE20C2C0065BB10 /* ts.hpp */ = {isa = PBXFileReference; lastKnownFileType = sourcecode.cpp.h; path = ts.hpp; sourceTree = "<group>"; };
		FF7E73081CE20C2C0065BB10 /* ts_gtest.h */ = {isa = PBXFileReference; lastKnownFileType = sourcecode.c.h; path = ts_gtest.h; sourceTree = "<group>"; };
		FF7E73091CE20C2C0065BB10 /* ts_perf.hpp */ = {isa = PBXFileReference; lastKnownFileType = sourcecode.cpp.h; path = ts_perf.hpp; sourceTree = "<group>"; };
		FF7E730B1CE20C2C0065BB10 /* background_segm.hpp */ = {isa = PBXFileReference; lastKnownFileType = sourcecode.cpp.h; path = background_segm.hpp; sourceTree = "<group>"; };
		FF7E730C1CE20C2C0065BB10 /* tracking.hpp */ = {isa = PBXFileReference; lastKnownFileType = sourcecode.cpp.h; path = tracking.hpp; sourceTree = "<group>"; };
		FF7E730D1CE20C2C0065BB10 /* video.hpp */ = {isa = PBXFileReference; lastKnownFileType = sourcecode.cpp.h; path = video.hpp; sourceTree = "<group>"; };
		FF7E730F1CE20C2C0065BB10 /* deblurring.hpp */ = {isa = PBXFileReference; lastKnownFileType = sourcecode.cpp.h; path = deblurring.hpp; sourceTree = "<group>"; };
		FF7E73101CE20C2C0065BB10 /* fast_marching.hpp */ = {isa = PBXFileReference; lastKnownFileType = sourcecode.cpp.h; path = fast_marching.hpp; sourceTree = "<group>"; };
		FF7E73111CE20C2C0065BB10 /* fast_marching_inl.hpp */ = {isa = PBXFileReference; lastKnownFileType = sourcecode.cpp.h; path = fast_marching_inl.hpp; sourceTree = "<group>"; };
		FF7E73121CE20C2C0065BB10 /* frame_source.hpp */ = {isa = PBXFileReference; lastKnownFileType = sourcecode.cpp.h; path = frame_source.hpp; sourceTree = "<group>"; };
		FF7E73131CE20C2C0065BB10 /* global_motion.hpp */ = {isa = PBXFileReference; lastKnownFileType = sourcecode.cpp.h; path = global_motion.hpp; sourceTree = "<group>"; };
		FF7E73141CE20C2C0065BB10 /* inpainting.hpp */ = {isa = PBXFileReference; lastKnownFileType = sourcecode.cpp.h; path = inpainting.hpp; sourceTree = "<group>"; };
		FF7E73151CE20C2C0065BB10 /* log.hpp */ = {isa = PBXFileReference; lastKnownFileType = sourcecode.cpp.h; path = log.hpp; sourceTree = "<group>"; };
		FF7E73161CE20C2C0065BB10 /* motion_stabilizing.hpp */ = {isa = PBXFileReference; lastKnownFileType = sourcecode.cpp.h; path = motion_stabilizing.hpp; sourceTree = "<group>"; };
		FF7E73171CE20C2C0065BB10 /* optical_flow.hpp */ = {isa = PBXFileReference; lastKnownFileType = sourcecode.cpp.h; path = optical_flow.hpp; sourceTree = "<group>"; };
		FF7E73181CE20C2C0065BB10 /* stabilizer.hpp */ = {isa = PBXFileReference; lastKnownFileType = sourcecode.cpp.h; path = stabilizer.hpp; sourceTree = "<group>"; };
		FF7E73191CE20C2C0065BB10 /* videostab.hpp */ = {isa = PBXFileReference; lastKnownFileType = sourcecode.cpp.h; path = videostab.hpp; sourceTree = "<group>"; };
		FF7E73661CE20C2C0065BB10 /* opencv.a */ = {isa = PBXFileReference; lastKnownFileType = archive.ar; path = opencv.a; sourceTree = "<group>"; };
		FF7E73BB1CE20C2D0065BB10 /* LICENSE */ = {isa = PBXFileReference; lastKnownFileType = text; path = LICENSE; sourceTree = "<group>"; };
		FF7E73C61CE20C330065BB10 /* ofxXmlSettings.cpp */ = {isa = PBXFileReference; lastKnownFileType = sourcecode.cpp.cpp; path = ofxXmlSettings.cpp; sourceTree = "<group>"; };
		FF7E73C71CE20C330065BB10 /* ofxXmlSettings.h */ = {isa = PBXFileReference; lastKnownFileType = sourcecode.c.h; path = ofxXmlSettings.h; sourceTree = "<group>"; };
		FF7E73C91CE20C330065BB10 /* tinyxml.cpp */ = {isa = PBXFileReference; lastKnownFileType = sourcecode.cpp.cpp; path = tinyxml.cpp; sourceTree = "<group>"; };
		FF7E73CA1CE20C330065BB10 /* tinyxml.h */ = {isa = PBXFileReference; lastKnownFileType = sourcecode.c.h; path = tinyxml.h; sourceTree = "<group>"; };
		FF7E73CB1CE20C330065BB10 /* tinyxmlerror.cpp */ = {isa = PBXFileReference; lastKnownFileType = sourcecode.cpp.cpp; path = tinyxmlerror.cpp; sourceTree = "<group>"; };
		FF7E73CC1CE20C330065BB10 /* tinyxmlparser.cpp */ = {isa = PBXFileReference; lastKnownFileType = sourcecode.cpp.cpp; path = tinyxmlparser.cpp; sourceTree = "<group>"; };
		FF8AD3CC1CCCDC320007D1F2 /* ofxRayComposer.cpp */ = {isa = PBXFileReference; lastKnownFileType = sourcecode.cpp.cpp; path = ofxRayComposer.cpp; sourceTree = "<group>"; };
		FF8AD3CD1CCCDC320007D1F2 /* ofxRayComposer.h */ = {isa = PBXFileReference; lastKnownFileType = sourcecode.c.h; path = ofxRayComposer.h; sourceTree = "<group>"; };
		FF8AD3D11CCCDC320007D1F2 /* rcdev.h */ = {isa = PBXFileReference; lastKnownFileType = sourcecode.c.h; path = rcdev.h; sourceTree = "<group>"; };
		FFCDC0241CB7110600E97F0B /* ofxIldaFrame.h */ = {isa = PBXFileReference; lastKnownFileType = sourcecode.c.h; path = ofxIldaFrame.h; sourceTree = "<group>"; };
		FFCDC0251CB7110600E97F0B /* ofxIldaPoint.h */ = {isa = PBXFileReference; lastKnownFileType = sourcecode.c.h; path = ofxIldaPoint.h; sourceTree = "<group>"; };
		FFCDC0261CB7110600E97F0B /* ofxIldaPoly.h */ = {isa = PBXFileReference; lastKnownFileType = sourcecode.c.h; path = ofxIldaPoly.h; sourceTree = "<group>"; };
		FFCDC0271CB7110600E97F0B /* ofxIldaPolyProcessor.h */ = {isa = PBXFileReference; lastKnownFileType = sourcecode.c.h; path = ofxIldaPolyProcessor.h; sourceTree = "<group>"; };
		FFCDC0281CB7110600E97F0B /* ofxIldaRenderTarget.h */ = {isa = PBXFileReference; lastKnownFileType = sourcecode.c.h; path = ofxIldaRenderTarget.h; sourceTree = "<group>"; };
		FFCDC1631CB728A500E97F0B /* librcdev.1.4.0.dylib */ = {isa = PBXFileReference; lastKnownFileType = "compiled.mach-o.dylib"; path = librcdev.1.4.0.dylib; sourceTree = "<group>"; };
/* End PBXFileReference section */

/* Begin PBXFrameworksBuildPhase section */
		E4B69B590A3A1756003C02F2 /* Frameworks */ = {
			isa = PBXFrameworksBuildPhase;
			buildActionMask = 2147483647;
			files = (
				FF7E73C31CE20C2D0065BB10 /* opencv.a in Frameworks */,
				FFCDC1641CB728A500E97F0B /* librcdev.1.4.0.dylib in Frameworks */,
				E4328149138ABC9F0047C5CB /* openFrameworksDebug.a in Frameworks */,
			);
			runOnlyForDeploymentPostprocessing = 0;
		};
/* End PBXFrameworksBuildPhase section */

/* Begin PBXGroup section */
		6948EE371B920CB800B5AC1A /* local_addons */ = {
			isa = PBXGroup;
			children = (
			);
			name = local_addons;
			sourceTree = "<group>";
		};
		BB4B014C10F69532006C3DED /* addons */ = {
			isa = PBXGroup;
			children = (
				FFCDC0221CB7110600E97F0B /* ofxIlda */,
				FF8AD3CA1CCCDC320007D1F2 /* ofxRayComposer */,
				FF7E724E1CE20C2C0065BB10 /* ofxOpenCv */,
				FF7E73C41CE20C330065BB10 /* ofxXmlSettings */,
			);
			name = addons;
			sourceTree = "<group>";
		};
		E4328144138ABC890047C5CB /* Products */ = {
			isa = PBXGroup;
			children = (
				E4328148138ABC890047C5CB /* openFrameworksDebug.a */,
			);
			name = Products;
			sourceTree = "<group>";
		};
		E4B69B4A0A3A1720003C02F2 = {
			isa = PBXGroup;
			children = (
				E4B6FCAD0C3E899E008CF71C /* openFrameworks-Info.plist */,
				E4EB6923138AFD0F00A09F29 /* Project.xcconfig */,
				E4B69E1C0A3A1BDC003C02F2 /* src */,
				E4EEC9E9138DF44700A80321 /* openFrameworks */,
				BB4B014C10F69532006C3DED /* addons */,
				6948EE371B920CB800B5AC1A /* local_addons */,
				E4B69B5B0A3A1756003C02F2 /* exampleDebug.app */,
			);
			sourceTree = "<group>";
		};
		E4B69E1C0A3A1BDC003C02F2 /* src */ = {
			isa = PBXGroup;
			children = (
				FFCDC1631CB728A500E97F0B /* librcdev.1.4.0.dylib */,
				E4B69E1D0A3A1BDC003C02F2 /* main.cpp */,
				E4B69E1E0A3A1BDC003C02F2 /* ofApp.cpp */,
				E4B69E1F0A3A1BDC003C02F2 /* ofApp.h */,
			);
			path = src;
			sourceTree = SOURCE_ROOT;
		};
		E4EEC9E9138DF44700A80321 /* openFrameworks */ = {
			isa = PBXGroup;
			children = (
				E4EB691F138AFCF100A09F29 /* CoreOF.xcconfig */,
				E4328143138ABC890047C5CB /* openFrameworksLib.xcodeproj */,
			);
			name = openFrameworks;
			sourceTree = "<group>";
		};
		FF7E724E1CE20C2C0065BB10 /* ofxOpenCv */ = {
			isa = PBXGroup;
			children = (
				FF7E724F1CE20C2C0065BB10 /* src */,
				FF7E72611CE20C2C0065BB10 /* libs */,
			);
			name = ofxOpenCv;
			sourceTree = "<group>";
		};
		FF7E724F1CE20C2C0065BB10 /* src */ = {
			isa = PBXGroup;
			children = (
				FF7E72501CE20C2C0065BB10 /* ofxCvBlob.h */,
				FF7E72511CE20C2C0065BB10 /* ofxCvColorImage.cpp */,
				FF7E72521CE20C2C0065BB10 /* ofxCvColorImage.h */,
				FF7E72531CE20C2C0065BB10 /* ofxCvConstants.h */,
				FF7E72541CE20C2C0065BB10 /* ofxCvContourFinder.cpp */,
				FF7E72551CE20C2C0065BB10 /* ofxCvContourFinder.h */,
				FF7E72561CE20C2C0065BB10 /* ofxCvFloatImage.cpp */,
				FF7E72571CE20C2C0065BB10 /* ofxCvFloatImage.h */,
				FF7E72581CE20C2C0065BB10 /* ofxCvGrayscaleImage.cpp */,
				FF7E72591CE20C2C0065BB10 /* ofxCvGrayscaleImage.h */,
				FF7E725A1CE20C2C0065BB10 /* ofxCvHaarFinder.cpp */,
				FF7E725B1CE20C2C0065BB10 /* ofxCvHaarFinder.h */,
				FF7E725C1CE20C2C0065BB10 /* ofxCvImage.cpp */,
				FF7E725D1CE20C2C0065BB10 /* ofxCvImage.h */,
				FF7E725E1CE20C2C0065BB10 /* ofxCvShortImage.cpp */,
				FF7E725F1CE20C2C0065BB10 /* ofxCvShortImage.h */,
				FF7E72601CE20C2C0065BB10 /* ofxOpenCv.h */,
			);
			name = src;
			path = ../../ofxOpenCv/src;
			sourceTree = "<group>";
		};
		FF7E72611CE20C2C0065BB10 /* libs */ = {
			isa = PBXGroup;
			children = (
				FF7E72621CE20C2C0065BB10 /* opencv */,
			);
			name = libs;
			path = ../../ofxOpenCv/libs;
			sourceTree = "<group>";
		};
		FF7E72621CE20C2C0065BB10 /* opencv */ = {
			isa = PBXGroup;
			children = (
				FF7E72631CE20C2C0065BB10 /* include */,
				FF7E731A1CE20C2C0065BB10 /* lib */,
				FF7E73BA1CE20C2D0065BB10 /* license */,
			);
			path = opencv;
			sourceTree = "<group>";
		};
		FF7E72631CE20C2C0065BB10 /* include */ = {
			isa = PBXGroup;
			children = (
				FF7E72641CE20C2C0065BB10 /* opencv */,
				FF7E72701CE20C2C0065BB10 /* opencv2 */,
			);
			path = include;
			sourceTree = "<group>";
		};
		FF7E72641CE20C2C0065BB10 /* opencv */ = {
			isa = PBXGroup;
			children = (
				FF7E72651CE20C2C0065BB10 /* cv.h */,
				FF7E72661CE20C2C0065BB10 /* cv.hpp */,
				FF7E72671CE20C2C0065BB10 /* cvaux.h */,
				FF7E72681CE20C2C0065BB10 /* cvaux.hpp */,
				FF7E72691CE20C2C0065BB10 /* cvwimage.h */,
				FF7E726A1CE20C2C0065BB10 /* cxcore.h */,
				FF7E726B1CE20C2C0065BB10 /* cxcore.hpp */,
				FF7E726C1CE20C2C0065BB10 /* cxeigen.hpp */,
				FF7E726D1CE20C2C0065BB10 /* cxmisc.h */,
				FF7E726E1CE20C2C0065BB10 /* highgui.h */,
				FF7E726F1CE20C2C0065BB10 /* ml.h */,
			);
			path = opencv;
			sourceTree = "<group>";
		};
		FF7E72701CE20C2C0065BB10 /* opencv2 */ = {
			isa = PBXGroup;
			children = (
				FF7E72711CE20C2C0065BB10 /* calib3d */,
				FF7E72731CE20C2C0065BB10 /* contrib */,
				FF7E72791CE20C2C0065BB10 /* core */,
				FF7E72891CE20C2C0065BB10 /* features2d */,
				FF7E728B1CE20C2C0065BB10 /* flann */,
				FF7E72B01CE20C2C0065BB10 /* gpu */,
				FF7E72D61CE20C2C0065BB10 /* highgui */,
				FF7E72DB1CE20C2C0065BB10 /* imgproc */,
				FF7E72DF1CE20C2C0065BB10 /* legacy */,
				FF7E72E41CE20C2C0065BB10 /* ml */,
				FF7E72E61CE20C2C0065BB10 /* nonfree */,
				FF7E72EB1CE20C2C0065BB10 /* objdetect */,
				FF7E72ED1CE20C2C0065BB10 /* opencv.hpp */,
				FF7E72EE1CE20C2C0065BB10 /* opencv_modules.hpp */,
				FF7E72EF1CE20C2C0065BB10 /* photo */,
				FF7E72F21CE20C2C0065BB10 /* stitching */,
				FF7E73011CE20C2C0065BB10 /* superres */,
				FF7E73041CE20C2C0065BB10 /* ts */,
				FF7E730A1CE20C2C0065BB10 /* video */,
				FF7E730E1CE20C2C0065BB10 /* videostab */,
			);
			path = opencv2;
			sourceTree = "<group>";
		};
		FF7E72711CE20C2C0065BB10 /* calib3d */ = {
			isa = PBXGroup;
			children = (
				FF7E72721CE20C2C0065BB10 /* calib3d.hpp */,
			);
			path = calib3d;
			sourceTree = "<group>";
		};
		FF7E72731CE20C2C0065BB10 /* contrib */ = {
			isa = PBXGroup;
			children = (
				FF7E72741CE20C2C0065BB10 /* contrib.hpp */,
				FF7E72751CE20C2C0065BB10 /* detection_based_tracker.hpp */,
				FF7E72761CE20C2C0065BB10 /* hybridtracker.hpp */,
				FF7E72771CE20C2C0065BB10 /* openfabmap.hpp */,
				FF7E72781CE20C2C0065BB10 /* retina.hpp */,
			);
			path = contrib;
			sourceTree = "<group>";
		};
		FF7E72791CE20C2C0065BB10 /* core */ = {
			isa = PBXGroup;
			children = (
				FF7E727A1CE20C2C0065BB10 /* affine.hpp */,
				FF7E727B1CE20C2C0065BB10 /* core.hpp */,
				FF7E727C1CE20C2C0065BB10 /* core_c.h */,
				FF7E727D1CE20C2C0065BB10 /* cuda_devptrs.hpp */,
				FF7E727E1CE20C2C0065BB10 /* devmem2d.hpp */,
				FF7E727F1CE20C2C0065BB10 /* eigen.hpp */,
				FF7E72801CE20C2C0065BB10 /* gpumat.hpp */,
				FF7E72811CE20C2C0065BB10 /* internal.hpp */,
				FF7E72821CE20C2C0065BB10 /* mat.hpp */,
				FF7E72831CE20C2C0065BB10 /* opengl_interop.hpp */,
				FF7E72841CE20C2C0065BB10 /* opengl_interop_deprecated.hpp */,
				FF7E72851CE20C2C0065BB10 /* operations.hpp */,
				FF7E72861CE20C2C0065BB10 /* types_c.h */,
				FF7E72871CE20C2C0065BB10 /* version.hpp */,
				FF7E72881CE20C2C0065BB10 /* wimage.hpp */,
			);
			path = core;
			sourceTree = "<group>";
		};
		FF7E72891CE20C2C0065BB10 /* features2d */ = {
			isa = PBXGroup;
			children = (
				FF7E728A1CE20C2C0065BB10 /* features2d.hpp */,
			);
			path = features2d;
			sourceTree = "<group>";
		};
		FF7E728B1CE20C2C0065BB10 /* flann */ = {
			isa = PBXGroup;
			children = (
				FF7E728C1CE20C2C0065BB10 /* all_indices.h */,
				FF7E728D1CE20C2C0065BB10 /* allocator.h */,
				FF7E728E1CE20C2C0065BB10 /* any.h */,
				FF7E728F1CE20C2C0065BB10 /* autotuned_index.h */,
				FF7E72901CE20C2C0065BB10 /* composite_index.h */,
				FF7E72911CE20C2C0065BB10 /* config.h */,
				FF7E72921CE20C2C0065BB10 /* defines.h */,
				FF7E72931CE20C2C0065BB10 /* dist.h */,
				FF7E72941CE20C2C0065BB10 /* dummy.h */,
				FF7E72951CE20C2C0065BB10 /* dynamic_bitset.h */,
				FF7E72961CE20C2C0065BB10 /* flann.hpp */,
				FF7E72971CE20C2C0065BB10 /* flann_base.hpp */,
				FF7E72981CE20C2C0065BB10 /* general.h */,
				FF7E72991CE20C2C0065BB10 /* ground_truth.h */,
				FF7E729A1CE20C2C0065BB10 /* hdf5.h */,
				FF7E729B1CE20C2C0065BB10 /* heap.h */,
				FF7E729C1CE20C2C0065BB10 /* hierarchical_clustering_index.h */,
				FF7E729D1CE20C2C0065BB10 /* index_testing.h */,
				FF7E729E1CE20C2C0065BB10 /* kdtree_index.h */,
				FF7E729F1CE20C2C0065BB10 /* kdtree_single_index.h */,
				FF7E72A01CE20C2C0065BB10 /* kmeans_index.h */,
				FF7E72A11CE20C2C0065BB10 /* linear_index.h */,
				FF7E72A21CE20C2C0065BB10 /* logger.h */,
				FF7E72A31CE20C2C0065BB10 /* lsh_index.h */,
				FF7E72A41CE20C2C0065BB10 /* lsh_table.h */,
				FF7E72A51CE20C2C0065BB10 /* matrix.h */,
				FF7E72A61CE20C2C0065BB10 /* miniflann.hpp */,
				FF7E72A71CE20C2C0065BB10 /* nn_index.h */,
				FF7E72A81CE20C2C0065BB10 /* object_factory.h */,
				FF7E72A91CE20C2C0065BB10 /* params.h */,
				FF7E72AA1CE20C2C0065BB10 /* random.h */,
				FF7E72AB1CE20C2C0065BB10 /* result_set.h */,
				FF7E72AC1CE20C2C0065BB10 /* sampling.h */,
				FF7E72AD1CE20C2C0065BB10 /* saving.h */,
				FF7E72AE1CE20C2C0065BB10 /* simplex_downhill.h */,
				FF7E72AF1CE20C2C0065BB10 /* timer.h */,
			);
			path = flann;
			sourceTree = "<group>";
		};
		FF7E72B01CE20C2C0065BB10 /* gpu */ = {
			isa = PBXGroup;
			children = (
				FF7E72B11CE20C2C0065BB10 /* device */,
				FF7E72D21CE20C2C0065BB10 /* devmem2d.hpp */,
				FF7E72D31CE20C2C0065BB10 /* gpu.hpp */,
				FF7E72D41CE20C2C0065BB10 /* gpumat.hpp */,
				FF7E72D51CE20C2C0065BB10 /* stream_accessor.hpp */,
			);
			path = gpu;
			sourceTree = "<group>";
		};
		FF7E72B11CE20C2C0065BB10 /* device */ = {
			isa = PBXGroup;
			children = (
				FF7E72B21CE20C2C0065BB10 /* block.hpp */,
				FF7E72B31CE20C2C0065BB10 /* border_interpolate.hpp */,
				FF7E72B41CE20C2C0065BB10 /* color.hpp */,
				FF7E72B51CE20C2C0065BB10 /* common.hpp */,
				FF7E72B61CE20C2C0065BB10 /* datamov_utils.hpp */,
				FF7E72B71CE20C2C0065BB10 /* detail */,
				FF7E72BE1CE20C2C0065BB10 /* dynamic_smem.hpp */,
				FF7E72BF1CE20C2C0065BB10 /* emulation.hpp */,
				FF7E72C01CE20C2C0065BB10 /* filters.hpp */,
				FF7E72C11CE20C2C0065BB10 /* funcattrib.hpp */,
				FF7E72C21CE20C2C0065BB10 /* functional.hpp */,
				FF7E72C31CE20C2C0065BB10 /* limits.hpp */,
				FF7E72C41CE20C2C0065BB10 /* reduce.hpp */,
				FF7E72C51CE20C2C0065BB10 /* saturate_cast.hpp */,
				FF7E72C61CE20C2C0065BB10 /* scan.hpp */,
				FF7E72C71CE20C2C0065BB10 /* simd_functions.hpp */,
				FF7E72C81CE20C2C0065BB10 /* static_check.hpp */,
				FF7E72C91CE20C2C0065BB10 /* transform.hpp */,
				FF7E72CA1CE20C2C0065BB10 /* type_traits.hpp */,
				FF7E72CB1CE20C2C0065BB10 /* utility.hpp */,
				FF7E72CC1CE20C2C0065BB10 /* vec_distance.hpp */,
				FF7E72CD1CE20C2C0065BB10 /* vec_math.hpp */,
				FF7E72CE1CE20C2C0065BB10 /* vec_traits.hpp */,
				FF7E72CF1CE20C2C0065BB10 /* warp.hpp */,
				FF7E72D01CE20C2C0065BB10 /* warp_reduce.hpp */,
				FF7E72D11CE20C2C0065BB10 /* warp_shuffle.hpp */,
			);
			path = device;
			sourceTree = "<group>";
		};
		FF7E72B71CE20C2C0065BB10 /* detail */ = {
			isa = PBXGroup;
			children = (
				FF7E72B81CE20C2C0065BB10 /* color_detail.hpp */,
				FF7E72B91CE20C2C0065BB10 /* reduce.hpp */,
				FF7E72BA1CE20C2C0065BB10 /* reduce_key_val.hpp */,
				FF7E72BB1CE20C2C0065BB10 /* transform_detail.hpp */,
				FF7E72BC1CE20C2C0065BB10 /* type_traits_detail.hpp */,
				FF7E72BD1CE20C2C0065BB10 /* vec_distance_detail.hpp */,
			);
			path = detail;
			sourceTree = "<group>";
		};
		FF7E72D61CE20C2C0065BB10 /* highgui */ = {
			isa = PBXGroup;
			children = (
				FF7E72D71CE20C2C0065BB10 /* cap_ios.h */,
				FF7E72D81CE20C2C0065BB10 /* highgui.hpp */,
				FF7E72D91CE20C2C0065BB10 /* highgui_c.h */,
				FF7E72DA1CE20C2C0065BB10 /* ios.h */,
			);
			path = highgui;
			sourceTree = "<group>";
		};
		FF7E72DB1CE20C2C0065BB10 /* imgproc */ = {
			isa = PBXGroup;
			children = (
				FF7E72DC1CE20C2C0065BB10 /* imgproc.hpp */,
				FF7E72DD1CE20C2C0065BB10 /* imgproc_c.h */,
				FF7E72DE1CE20C2C0065BB10 /* types_c.h */,
			);
			path = imgproc;
			sourceTree = "<group>";
		};
		FF7E72DF1CE20C2C0065BB10 /* legacy */ = {
			isa = PBXGroup;
			children = (
				FF7E72E01CE20C2C0065BB10 /* blobtrack.hpp */,
				FF7E72E11CE20C2C0065BB10 /* compat.hpp */,
				FF7E72E21CE20C2C0065BB10 /* legacy.hpp */,
				FF7E72E31CE20C2C0065BB10 /* streams.hpp */,
			);
			path = legacy;
			sourceTree = "<group>";
		};
		FF7E72E41CE20C2C0065BB10 /* ml */ = {
			isa = PBXGroup;
			children = (
				FF7E72E51CE20C2C0065BB10 /* ml.hpp */,
			);
			path = ml;
			sourceTree = "<group>";
		};
		FF7E72E61CE20C2C0065BB10 /* nonfree */ = {
			isa = PBXGroup;
			children = (
				FF7E72E71CE20C2C0065BB10 /* features2d.hpp */,
				FF7E72E81CE20C2C0065BB10 /* gpu.hpp */,
				FF7E72E91CE20C2C0065BB10 /* nonfree.hpp */,
				FF7E72EA1CE20C2C0065BB10 /* ocl.hpp */,
			);
			path = nonfree;
			sourceTree = "<group>";
		};
		FF7E72EB1CE20C2C0065BB10 /* objdetect */ = {
			isa = PBXGroup;
			children = (
				FF7E72EC1CE20C2C0065BB10 /* objdetect.hpp */,
			);
			path = objdetect;
			sourceTree = "<group>";
		};
		FF7E72EF1CE20C2C0065BB10 /* photo */ = {
			isa = PBXGroup;
			children = (
				FF7E72F01CE20C2C0065BB10 /* photo.hpp */,
				FF7E72F11CE20C2C0065BB10 /* photo_c.h */,
			);
			path = photo;
			sourceTree = "<group>";
		};
		FF7E72F21CE20C2C0065BB10 /* stitching */ = {
			isa = PBXGroup;
			children = (
				FF7E72F31CE20C2C0065BB10 /* detail */,
				FF7E72FF1CE20C2C0065BB10 /* stitcher.hpp */,
				FF7E73001CE20C2C0065BB10 /* warpers.hpp */,
			);
			path = stitching;
			sourceTree = "<group>";
		};
		FF7E72F31CE20C2C0065BB10 /* detail */ = {
			isa = PBXGroup;
			children = (
				FF7E72F41CE20C2C0065BB10 /* autocalib.hpp */,
				FF7E72F51CE20C2C0065BB10 /* blenders.hpp */,
				FF7E72F61CE20C2C0065BB10 /* camera.hpp */,
				FF7E72F71CE20C2C0065BB10 /* exposure_compensate.hpp */,
				FF7E72F81CE20C2C0065BB10 /* matchers.hpp */,
				FF7E72F91CE20C2C0065BB10 /* motion_estimators.hpp */,
				FF7E72FA1CE20C2C0065BB10 /* seam_finders.hpp */,
				FF7E72FB1CE20C2C0065BB10 /* util.hpp */,
				FF7E72FC1CE20C2C0065BB10 /* util_inl.hpp */,
				FF7E72FD1CE20C2C0065BB10 /* warpers.hpp */,
				FF7E72FE1CE20C2C0065BB10 /* warpers_inl.hpp */,
			);
			path = detail;
			sourceTree = "<group>";
		};
		FF7E73011CE20C2C0065BB10 /* superres */ = {
			isa = PBXGroup;
			children = (
				FF7E73021CE20C2C0065BB10 /* optical_flow.hpp */,
				FF7E73031CE20C2C0065BB10 /* superres.hpp */,
			);
			path = superres;
			sourceTree = "<group>";
		};
		FF7E73041CE20C2C0065BB10 /* ts */ = {
			isa = PBXGroup;
			children = (
				FF7E73051CE20C2C0065BB10 /* gpu_perf.hpp */,
				FF7E73061CE20C2C0065BB10 /* gpu_test.hpp */,
				FF7E73071CE20C2C0065BB10 /* ts.hpp */,
				FF7E73081CE20C2C0065BB10 /* ts_gtest.h */,
				FF7E73091CE20C2C0065BB10 /* ts_perf.hpp */,
			);
			path = ts;
			sourceTree = "<group>";
		};
		FF7E730A1CE20C2C0065BB10 /* video */ = {
			isa = PBXGroup;
			children = (
				FF7E730B1CE20C2C0065BB10 /* background_segm.hpp */,
				FF7E730C1CE20C2C0065BB10 /* tracking.hpp */,
				FF7E730D1CE20C2C0065BB10 /* video.hpp */,
			);
			path = video;
			sourceTree = "<group>";
		};
		FF7E730E1CE20C2C0065BB10 /* videostab */ = {
			isa = PBXGroup;
			children = (
				FF7E730F1CE20C2C0065BB10 /* deblurring.hpp */,
				FF7E73101CE20C2C0065BB10 /* fast_marching.hpp */,
				FF7E73111CE20C2C0065BB10 /* fast_marching_inl.hpp */,
				FF7E73121CE20C2C0065BB10 /* frame_source.hpp */,
				FF7E73131CE20C2C0065BB10 /* global_motion.hpp */,
				FF7E73141CE20C2C0065BB10 /* inpainting.hpp */,
				FF7E73151CE20C2C0065BB10 /* log.hpp */,
				FF7E73161CE20C2C0065BB10 /* motion_stabilizing.hpp */,
				FF7E73171CE20C2C0065BB10 /* optical_flow.hpp */,
				FF7E73181CE20C2C0065BB10 /* stabilizer.hpp */,
				FF7E73191CE20C2C0065BB10 /* videostab.hpp */,
			);
			path = videostab;
			sourceTree = "<group>";
		};
		FF7E731A1CE20C2C0065BB10 /* lib */ = {
			isa = PBXGroup;
			children = (
				FF7E73651CE20C2C0065BB10 /* osx */,
			);
			path = lib;
			sourceTree = "<group>";
		};
		FF7E73651CE20C2C0065BB10 /* osx */ = {
			isa = PBXGroup;
			children = (
				FF7E73661CE20C2C0065BB10 /* opencv.a */,
			);
			path = osx;
			sourceTree = "<group>";
		};
		FF7E73BA1CE20C2D0065BB10 /* license */ = {
			isa = PBXGroup;
			children = (
				FF7E73BB1CE20C2D0065BB10 /* LICENSE */,
			);
			path = license;
			sourceTree = "<group>";
		};
		FF7E73C41CE20C330065BB10 /* ofxXmlSettings */ = {
			isa = PBXGroup;
			children = (
				FF7E73C51CE20C330065BB10 /* src */,
				FF7E73C81CE20C330065BB10 /* libs */,
			);
			name = ofxXmlSettings;
			sourceTree = "<group>";
		};
		FF7E73C51CE20C330065BB10 /* src */ = {
			isa = PBXGroup;
			children = (
				FF7E73C61CE20C330065BB10 /* ofxXmlSettings.cpp */,
				FF7E73C71CE20C330065BB10 /* ofxXmlSettings.h */,
			);
			name = src;
			path = ../../ofxXmlSettings/src;
			sourceTree = "<group>";
		};
		FF7E73C81CE20C330065BB10 /* libs */ = {
			isa = PBXGroup;
			children = (
				FF7E73C91CE20C330065BB10 /* tinyxml.cpp */,
				FF7E73CA1CE20C330065BB10 /* tinyxml.h */,
				FF7E73CB1CE20C330065BB10 /* tinyxmlerror.cpp */,
				FF7E73CC1CE20C330065BB10 /* tinyxmlparser.cpp */,
			);
			name = libs;
			path = ../../ofxXmlSettings/libs;
			sourceTree = "<group>";
		};
		FF8AD3CA1CCCDC320007D1F2 /* ofxRayComposer */ = {
			isa = PBXGroup;
			children = (
				FF8AD3CB1CCCDC320007D1F2 /* src */,
				FF8AD3CE1CCCDC320007D1F2 /* libs */,
			);
			name = ofxRayComposer;
			sourceTree = "<group>";
		};
		FF8AD3CB1CCCDC320007D1F2 /* src */ = {
			isa = PBXGroup;
			children = (
				FF8AD3CC1CCCDC320007D1F2 /* ofxRayComposer.cpp */,
				FF8AD3CD1CCCDC320007D1F2 /* ofxRayComposer.h */,
			);
			name = src;
			path = ../../ofxRayComposer/src;
			sourceTree = "<group>";
		};
		FF8AD3CE1CCCDC320007D1F2 /* libs */ = {
			isa = PBXGroup;
			children = (
				FF8AD3CF1CCCDC320007D1F2 /* rcdev */,
			);
			name = libs;
			path = ../../ofxRayComposer/libs;
			sourceTree = "<group>";
		};
		FF8AD3CF1CCCDC320007D1F2 /* rcdev */ = {
			isa = PBXGroup;
			children = (
				FF8AD3D01CCCDC320007D1F2 /* include */,
			);
			path = rcdev;
			sourceTree = "<group>";
		};
		FF8AD3D01CCCDC320007D1F2 /* include */ = {
			isa = PBXGroup;
			children = (
				FF8AD3D11CCCDC320007D1F2 /* rcdev.h */,
			);
			path = include;
			sourceTree = "<group>";
		};
		FFCDC0221CB7110600E97F0B /* ofxIlda */ = {
			isa = PBXGroup;
			children = (
				FFCDC0231CB7110600E97F0B /* src */,
			);
			name = ofxIlda;
			sourceTree = "<group>";
		};
		FFCDC0231CB7110600E97F0B /* src */ = {
			isa = PBXGroup;
			children = (
				FFCDC0241CB7110600E97F0B /* ofxIldaFrame.h */,
				FFCDC0251CB7110600E97F0B /* ofxIldaPoint.h */,
				FFCDC0261CB7110600E97F0B /* ofxIldaPoly.h */,
				FFCDC0271CB7110600E97F0B /* ofxIldaPolyProcessor.h */,
				FFCDC0281CB7110600E97F0B /* ofxIldaRenderTarget.h */,
			);
			name = src;
			path = ../../ofxIlda/src;
			sourceTree = "<group>";
		};
/* End PBXGroup section */

/* Begin PBXNativeTarget section */
		E4B69B5A0A3A1756003C02F2 /* example */ = {
			isa = PBXNativeTarget;
			buildConfigurationList = E4B69B5F0A3A1757003C02F2 /* Build configuration list for PBXNativeTarget "example" */;
			buildPhases = (
				E4B69B580A3A1756003C02F2 /* Sources */,
				E4B69B590A3A1756003C02F2 /* Frameworks */,
				E4B6FFFD0C3F9AB9008CF71C /* ShellScript */,
				E4C2427710CC5ABF004149E2 /* CopyFiles */,
			);
			buildRules = (
			);
			dependencies = (
				E4EEB9AC138B136A00A80321 /* PBXTargetDependency */,
			);
			name = example;
			productName = myOFApp;
			productReference = E4B69B5B0A3A1756003C02F2 /* exampleDebug.app */;
			productType = "com.apple.product-type.application";
		};
/* End PBXNativeTarget section */

/* Begin PBXProject section */
		E4B69B4C0A3A1720003C02F2 /* Project object */ = {
			isa = PBXProject;
			attributes = {
				LastUpgradeCheck = 0600;
			};
			buildConfigurationList = E4B69B4D0A3A1720003C02F2 /* Build configuration list for PBXProject "example" */;
			compatibilityVersion = "Xcode 3.2";
			developmentRegion = English;
			hasScannedForEncodings = 0;
			knownRegions = (
				English,
				Japanese,
				French,
				German,
			);
			mainGroup = E4B69B4A0A3A1720003C02F2;
			productRefGroup = E4B69B4A0A3A1720003C02F2;
			projectDirPath = "";
			projectReferences = (
				{
					ProductGroup = E4328144138ABC890047C5CB /* Products */;
					ProjectRef = E4328143138ABC890047C5CB /* openFrameworksLib.xcodeproj */;
				},
			);
			projectRoot = "";
			targets = (
				E4B69B5A0A3A1756003C02F2 /* example */,
			);
		};
/* End PBXProject section */

/* Begin PBXReferenceProxy section */
		E4328148138ABC890047C5CB /* openFrameworksDebug.a */ = {
			isa = PBXReferenceProxy;
			fileType = archive.ar;
			path = openFrameworksDebug.a;
			remoteRef = E4328147138ABC890047C5CB /* PBXContainerItemProxy */;
			sourceTree = BUILT_PRODUCTS_DIR;
		};
/* End PBXReferenceProxy section */

/* Begin PBXShellScriptBuildPhase section */
		E4B6FFFD0C3F9AB9008CF71C /* ShellScript */ = {
			isa = PBXShellScriptBuildPhase;
			buildActionMask = 2147483647;
			files = (
			);
			inputPaths = (
			);
			outputPaths = (
			);
			runOnlyForDeploymentPostprocessing = 0;
			shellPath = /bin/sh;
			shellScript = "mkdir -p \"$TARGET_BUILD_DIR/$PRODUCT_NAME.app/Contents/Resources/\"\n# Copy default icon file into App/Resources\nrsync -aved \"$ICON_FILE\" \"$TARGET_BUILD_DIR/$PRODUCT_NAME.app/Contents/Resources/\"\n# Copy libfmod and change install directory for fmod to run\nrsync -aved ../../../libs/fmodex/lib/osx/libfmodex.dylib \"$TARGET_BUILD_DIR/$PRODUCT_NAME.app/Contents/Frameworks/\";\ninstall_name_tool -change @executable_path/libfmodex.dylib @executable_path/../Frameworks/libfmodex.dylib \"$TARGET_BUILD_DIR/$PRODUCT_NAME.app/Contents/MacOS/$PRODUCT_NAME\";\n# Copy GLUT framework (must remove for AppStore submissions)\nrsync -aved ../../../libs/glut/lib/osx/GLUT.framework \"$TARGET_BUILD_DIR/$PRODUCT_NAME.app/Contents/Frameworks/\"\n\n# Copy libraries for the RayComposer USB dongle.\nrsync -aved ../../../addons/ofxRayComposer/api-lib/osx_x86_64/librcdev.dylib \"$TARGET_BUILD_DIR/$PRODUCT_NAME.app/Contents/Frameworks/\";\nrsync -aved ../../../addons/ofxRayComposer/api-lib/osx_x86_64/librcdev.1.dylib \"$TARGET_BUILD_DIR/$PRODUCT_NAME.app/Contents/Frameworks/\";\nrsync -aved ../../../addons/ofxRayComposer/api-lib/osx_x86_64/librcdev.1.4.dylib \"$TARGET_BUILD_DIR/$PRODUCT_NAME.app/Contents/Frameworks/\";\nrsync -aved ../../../addons/ofxRayComposer/api-lib/osx_x86_64/librcdev.1.4.0.dylib \"$TARGET_BUILD_DIR/$PRODUCT_NAME.app/Contents/Frameworks/\";\nrsync -aved ../../../addons/ofxRayComposer/api-lib/osx_x86_64/lib/libusb-1.0.0.dylib \"$TARGET_BUILD_DIR/$PRODUCT_NAME.app/Contents/MacOS/lib/\";\n# redirect\ninstall_name_tool -change @executable_path/lib/librcdev.1.dylib @executable_path/../Frameworks/librcdev.1.dylib \"$TARGET_BUILD_DIR/$PRODUCT_NAME.app/Contents/MacOS/$PRODUCT_NAME\";\n";
		};
/* End PBXShellScriptBuildPhase section */

/* Begin PBXSourcesBuildPhase section */
		E4B69B580A3A1756003C02F2 /* Sources */ = {
			isa = PBXSourcesBuildPhase;
			buildActionMask = 2147483647;
			files = (
				FF7E73BC1CE20C2D0065BB10 /* ofxCvColorImage.cpp in Sources */,
				FF7E73CE1CE20C330065BB10 /* tinyxml.cpp in Sources */,
				FF7E73C21CE20C2D0065BB10 /* ofxCvShortImage.cpp in Sources */,
				E4B69E200A3A1BDC003C02F2 /* main.cpp in Sources */,
				FF7E73C11CE20C2D0065BB10 /* ofxCvImage.cpp in Sources */,
				FF7E73BF1CE20C2D0065BB10 /* ofxCvGrayscaleImage.cpp in Sources */,
				FF7E73BD1CE20C2D0065BB10 /* ofxCvContourFinder.cpp in Sources */,
				FF7E73CD1CE20C330065BB10 /* ofxXmlSettings.cpp in Sources */,
				FF7E73BE1CE20C2D0065BB10 /* ofxCvFloatImage.cpp in Sources */,
				FF8AD3D21CCCDC320007D1F2 /* ofxRayComposer.cpp in Sources */,
				FF7E73D01CE20C330065BB10 /* tinyxmlparser.cpp in Sources */,
				FF7E73C01CE20C2D0065BB10 /* ofxCvHaarFinder.cpp in Sources */,
				E4B69E210A3A1BDC003C02F2 /* ofApp.cpp in Sources */,
				FF7E73CF1CE20C330065BB10 /* tinyxmlerror.cpp in Sources */,
			);
			runOnlyForDeploymentPostprocessing = 0;
		};
/* End PBXSourcesBuildPhase section */

/* Begin PBXTargetDependency section */
		E4EEB9AC138B136A00A80321 /* PBXTargetDependency */ = {
			isa = PBXTargetDependency;
			name = openFrameworks;
			targetProxy = E4EEB9AB138B136A00A80321 /* PBXContainerItemProxy */;
		};
/* End PBXTargetDependency section */

/* Begin XCBuildConfiguration section */
		E4B69B4E0A3A1720003C02F2 /* Debug */ = {
			isa = XCBuildConfiguration;
			baseConfigurationReference = E4EB6923138AFD0F00A09F29 /* Project.xcconfig */;
			buildSettings = {
				CONFIGURATION_BUILD_DIR = "$(SRCROOT)/bin/";
				COPY_PHASE_STRIP = NO;
				DEAD_CODE_STRIPPING = YES;
				GCC_AUTO_VECTORIZATION = YES;
				GCC_ENABLE_SSE3_EXTENSIONS = YES;
				GCC_ENABLE_SUPPLEMENTAL_SSE3_INSTRUCTIONS = YES;
				GCC_INLINES_ARE_PRIVATE_EXTERN = NO;
				GCC_OPTIMIZATION_LEVEL = 0;
				GCC_SYMBOLS_PRIVATE_EXTERN = NO;
				GCC_WARN_ABOUT_DEPRECATED_FUNCTIONS = YES;
				GCC_WARN_ABOUT_INVALID_OFFSETOF_MACRO = NO;
				GCC_WARN_ALLOW_INCOMPLETE_PROTOCOL = NO;
				GCC_WARN_UNINITIALIZED_AUTOS = NO;
				GCC_WARN_UNUSED_VALUE = NO;
				GCC_WARN_UNUSED_VARIABLE = NO;
				MACOSX_DEPLOYMENT_TARGET = 10.8;
				ONLY_ACTIVE_ARCH = YES;
				OTHER_CPLUSPLUSFLAGS = (
					"-D__MACOSX_CORE__",
					"-mtune=native",
				);
				SDKROOT = macosx;
			};
			name = Debug;
		};
		E4B69B4F0A3A1720003C02F2 /* Release */ = {
			isa = XCBuildConfiguration;
			baseConfigurationReference = E4EB6923138AFD0F00A09F29 /* Project.xcconfig */;
			buildSettings = {
				CONFIGURATION_BUILD_DIR = "$(SRCROOT)/bin/";
				COPY_PHASE_STRIP = YES;
				DEAD_CODE_STRIPPING = YES;
				GCC_AUTO_VECTORIZATION = YES;
				GCC_ENABLE_SSE3_EXTENSIONS = YES;
				GCC_ENABLE_SUPPLEMENTAL_SSE3_INSTRUCTIONS = YES;
				GCC_INLINES_ARE_PRIVATE_EXTERN = NO;
				GCC_OPTIMIZATION_LEVEL = 3;
				GCC_SYMBOLS_PRIVATE_EXTERN = NO;
				GCC_UNROLL_LOOPS = YES;
				GCC_WARN_ABOUT_DEPRECATED_FUNCTIONS = YES;
				GCC_WARN_ABOUT_INVALID_OFFSETOF_MACRO = NO;
				GCC_WARN_ALLOW_INCOMPLETE_PROTOCOL = NO;
				GCC_WARN_UNINITIALIZED_AUTOS = NO;
				GCC_WARN_UNUSED_VALUE = NO;
				GCC_WARN_UNUSED_VARIABLE = NO;
				MACOSX_DEPLOYMENT_TARGET = 10.8;
				OTHER_CPLUSPLUSFLAGS = (
					"-D__MACOSX_CORE__",
					"-mtune=native",
				);
				SDKROOT = macosx;
			};
			name = Release;
		};
		E4B69B600A3A1757003C02F2 /* Debug */ = {
			isa = XCBuildConfiguration;
			baseConfigurationReference = E4EB6923138AFD0F00A09F29 /* Project.xcconfig */;
			buildSettings = {
				COMBINE_HIDPI_IMAGES = YES;
				COPY_PHASE_STRIP = NO;
				FRAMEWORK_SEARCH_PATHS = (
					"$(inherited)",
					"$(FRAMEWORK_SEARCH_PATHS_QUOTED_FOR_TARGET_1)",
				);
				FRAMEWORK_SEARCH_PATHS_QUOTED_FOR_TARGET_1 = "\"$(SRCROOT)/../../../libs/glut/lib/osx\"";
				GCC_DYNAMIC_NO_PIC = NO;
				GCC_GENERATE_DEBUGGING_SYMBOLS = YES;
				GCC_MODEL_TUNING = NONE;
				ICON = "$(ICON_NAME_DEBUG)";
				ICON_FILE = "$(ICON_FILE_PATH)$(ICON)";
				INFOPLIST_FILE = "openFrameworks-Info.plist";
				INSTALL_PATH = /Applications;
				LIBRARY_SEARCH_PATHS = (
					"$(inherited)",
					"$(PROJECT_DIR)",
					"$(PROJECT_DIR)/src",
				);
				PRODUCT_NAME = "$(TARGET_NAME)Debug";
				USER_HEADER_SEARCH_PATHS = "../../ofxOpenCv/libs/opencv/include/ ../../ofxRayComposer/libs/rcdev/include/ ../libs/rcdev/include/";
				WRAPPER_EXTENSION = app;
			};
			name = Debug;
		};
		E4B69B610A3A1757003C02F2 /* Release */ = {
			isa = XCBuildConfiguration;
			baseConfigurationReference = E4EB6923138AFD0F00A09F29 /* Project.xcconfig */;
			buildSettings = {
				COMBINE_HIDPI_IMAGES = YES;
				COPY_PHASE_STRIP = YES;
				FRAMEWORK_SEARCH_PATHS = (
					"$(inherited)",
					"$(FRAMEWORK_SEARCH_PATHS_QUOTED_FOR_TARGET_1)",
				);
				FRAMEWORK_SEARCH_PATHS_QUOTED_FOR_TARGET_1 = "\"$(SRCROOT)/../../../libs/glut/lib/osx\"";
				GCC_GENERATE_DEBUGGING_SYMBOLS = YES;
				GCC_MODEL_TUNING = NONE;
				ICON = "$(ICON_NAME_RELEASE)";
				ICON_FILE = "$(ICON_FILE_PATH)$(ICON)";
				INFOPLIST_FILE = "openFrameworks-Info.plist";
				INSTALL_PATH = /Applications;
				LIBRARY_SEARCH_PATHS = (
					"$(inherited)",
					"$(PROJECT_DIR)",
					"$(PROJECT_DIR)/src",
				);
				PRODUCT_NAME = "$(TARGET_NAME)";
				USER_HEADER_SEARCH_PATHS = "../../ofxOpenCv/libs/opencv/include/ ../../ofxRayComposer/libs/rcdev/include/ ../libs/rcdev/include/";
				WRAPPER_EXTENSION = app;
				baseConfigurationReference = E4EB6923138AFD0F00A09F29;
			};
			name = Release;
		};
/* End XCBuildConfiguration section */

/* Begin XCConfigurationList section */
		E4B69B4D0A3A1720003C02F2 /* Build configuration list for PBXProject "example" */ = {
			isa = XCConfigurationList;
			buildConfigurations = (
				E4B69B4E0A3A1720003C02F2 /* Debug */,
				E4B69B4F0A3A1720003C02F2 /* Release */,
			);
			defaultConfigurationIsVisible = 0;
			defaultConfigurationName = Release;
		};
		E4B69B5F0A3A1757003C02F2 /* Build configuration list for PBXNativeTarget "example" */ = {
			isa = XCConfigurationList;
			buildConfigurations = (
				E4B69B600A3A1757003C02F2 /* Debug */,
				E4B69B610A3A1757003C02F2 /* Release */,
			);
			defaultConfigurationIsVisible = 0;
			defaultConfigurationName = Release;
		};
/* End XCConfigurationList section */
	};
	rootObject = E4B69B4C0A3A1720003C02F2 /* Project object */;
}
